
Microsoft Visual Studio Solution File, Format Version 12.00
# Visual Studio Version 17
VisualStudioVersion = 17.1.32319.34
MinimumVisualStudioVersion = 10.0.40219.1
Project("{9A19103F-16F7-4668-BE54-9A1E7A4F7556}") = "AIForged.DataExtractionTool", "AIForged.DataExtraction\AIForged.DataExtractionTool.csproj", "{B73CDE75-24CD-49D8-97B2-D4E6C1FD01CE}"
EndProject
Project("{FAE04EC0-301F-11D3-BF4B-00C04F79EFBC}") = "Domain", "Domain\Domain.csproj", "{78BABBF3-FD9B-4336-8C88-44EAAC566A54}"
EndProject
Project("{FAE04EC0-301F-11D3-BF4B-00C04F79EFBC}") = "DataAccess", "DataAccess\DataAccess.csproj", "{B764259F-5417-48A7-9341-91C1B3789846}"
EndProject
Global
	GlobalSection(SolutionConfigurationPlatforms) = preSolution
		Debug|Any CPU = Debug|Any CPU
		Release|Any CPU = Release|Any CPU
	EndGlobalSection
	GlobalSection(ProjectConfigurationPlatforms) = postSolution
		{B73CDE75-24CD-49D8-97B2-D4E6C1FD01CE}.Debug|Any CPU.ActiveCfg = Debug|Any CPU
		{B73CDE75-24CD-49D8-97B2-D4E6C1FD01CE}.Debug|Any CPU.Build.0 = Debug|Any CPU
		{B73CDE75-24CD-49D8-97B2-D4E6C1FD01CE}.Release|Any CPU.ActiveCfg = Release|Any CPU
		{B73CDE75-24CD-49D8-97B2-D4E6C1FD01CE}.Release|Any CPU.Build.0 = Release|Any CPU
		{78BABBF3-FD9B-4336-8C88-44EAAC566A54}.Debug|Any CPU.ActiveCfg = Debug|Any CPU
		{78BABBF3-FD9B-4336-8C88-44EAAC566A54}.Debug|Any CPU.Build.0 = Debug|Any CPU
		{78BABBF3-FD9B-4336-8C88-44EAAC566A54}.Release|Any CPU.ActiveCfg = Release|Any CPU
		{78BABBF3-FD9B-4336-8C88-44EAAC566A54}.Release|Any CPU.Build.0 = Release|Any CPU
		{B764259F-5417-48A7-9341-91C1B3789846}.Debug|Any CPU.ActiveCfg = Debug|Any CPU
		{B764259F-5417-48A7-9341-91C1B3789846}.Debug|Any CPU.Build.0 = Debug|Any CPU
		{B764259F-5417-48A7-9341-91C1B3789846}.Release|Any CPU.ActiveCfg = Release|Any CPU
		{B764259F-5417-48A7-9341-91C1B3789846}.Release|Any CPU.Build.0 = Release|Any CPU
	EndGlobalSection
	GlobalSection(SolutionProperties) = preSolution
		HideSolutionNode = FALSE
	EndGlobalSection
	GlobalSection(ExtensibilityGlobals) = postSolution
		SolutionGuid = {6B2F9F7A-DDE4-42BE-8048-69047A0FD4E0}
	EndGlobalSection
EndGlobal
